Microsoft Visual Studio Solution File, Format Version 12.00
# Visual Studio Version 17
VisualStudioVersion = 17.5.2.0
MinimumVisualStudioVersion = 10.0.40219.1
Project("{FAE04EC0-301F-11D3-BF4B-00C04F79EFBC}") = "MotoRentAPI", "MotoRentAPI\MotoRentAPI.csproj", "{70FCCB28-4DE7-B5E0-A189-238D39C7A3FD}"
EndProject
Global
	GlobalSection(SolutionConfigurationPlatforms) = preSolution
		Debug|Any CPU = Debug|Any CPU
		Release|Any CPU = Release|Any CPU
	EndGlobalSection
	GlobalSection(ProjectConfigurationPlatforms) = postSolution
		{70FCCB28-4DE7-B5E0-A189-238D39C7A3FD}.Debug|Any CPU.ActiveCfg = Debug|Any CPU
		{70FCCB28-4DE7-B5E0-A189-238D39C7A3FD}.Debug|Any CPU.Build.0 = Debug|Any CPU
		{70FCCB28-4DE7-B5E0-A189-238D39C7A3FD}.Release|Any CPU.ActiveCfg = Release|Any CPU
		{70FCCB28-4DE7-B5E0-A189-238D39C7A3FD}.Release|Any CPU.Build.0 = Release|Any CPU
	EndGlobalSection
	GlobalSection(SolutionProperties) = preSolution
		HideSolutionNode = FALSE
	EndGlobalSection
	GlobalSection(ExtensibilityGlobals) = postSolution
		SolutionGuid = {B71A5781-EC2B-41A0-BCB4-48255BDAD75D}
	EndGlobalSection
EndGlobal
